
Microsoft Visual Studio Solution File, Format Version 12.00
# Visual Studio Version 17
VisualStudioVersion = 17.12.35527.113 d17.12
MinimumVisualStudioVersion = 10.0.40219.1
Project("{FAE04EC0-301F-11D3-BF4B-00C04F79EFBC}") = "ConsoleIU", "ConsoleIU\ConsoleIU.csproj", "{AB9DF9C3-C8DF-4443-8324-A57715D5A871}"
EndProject
Project("{FAE04EC0-301F-11D3-BF4B-00C04F79EFBC}") = "Domain", "Domain\Domain.csproj", "{1A728F85-3833-4C76-BE47-FEF7C85C3441}"
EndProject
Project("{FAE04EC0-301F-11D3-BF4B-00C04F79EFBC}") = "Application", "Application\Application.csproj", "{1367AE5B-4490-42AC-8ABC-804910AE43FC}"
EndProject
Project("{FAE04EC0-301F-11D3-BF4B-00C04F79EFBC}") = "Infrastructure", "Infrastructure\Infrastructure.csproj", "{82EE0658-F41B-4E66-B3CE-B29686961A05}"
EndProject
Project("{FAE04EC0-301F-11D3-BF4B-00C04F79EFBC}") = "Engine", "Engine\Engine.csproj", "{89423DE8-A369-4FD7-A7E4-ACDD795EC194}"
EndProject
Project("{FAE04EC0-301F-11D3-BF4B-00C04F79EFBC}") = "Content", "Content\Content.csproj", "{BD8132C1-A39E-48C5-8DDE-12E20D266574}"
EndProject
Global
	GlobalSection(SolutionConfigurationPlatforms) = preSolution
		Debug|Any CPU = Debug|Any CPU
		Release|Any CPU = Release|Any CPU
	EndGlobalSection
	GlobalSection(ProjectConfigurationPlatforms) = postSolution
		{AB9DF9C3-C8DF-4443-8324-A57715D5A871}.Debug|Any CPU.ActiveCfg = Debug|Any CPU
		{AB9DF9C3-C8DF-4443-8324-A57715D5A871}.Debug|Any CPU.Build.0 = Debug|Any CPU
		{AB9DF9C3-C8DF-4443-8324-A57715D5A871}.Release|Any CPU.ActiveCfg = Release|Any CPU
		{AB9DF9C3-C8DF-4443-8324-A57715D5A871}.Release|Any CPU.Build.0 = Release|Any CPU
		{1A728F85-3833-4C76-BE47-FEF7C85C3441}.Debug|Any CPU.ActiveCfg = Debug|Any CPU
		{1A728F85-3833-4C76-BE47-FEF7C85C3441}.Debug|Any CPU.Build.0 = Debug|Any CPU
		{1A728F85-3833-4C76-BE47-FEF7C85C3441}.Release|Any CPU.ActiveCfg = Release|Any CPU
		{1A728F85-3833-4C76-BE47-FEF7C85C3441}.Release|Any CPU.Build.0 = Release|Any CPU
		{1367AE5B-4490-42AC-8ABC-804910AE43FC}.Debug|Any CPU.ActiveCfg = Debug|Any CPU
		{1367AE5B-4490-42AC-8ABC-804910AE43FC}.Debug|Any CPU.Build.0 = Debug|Any CPU
		{1367AE5B-4490-42AC-8ABC-804910AE43FC}.Release|Any CPU.ActiveCfg = Release|Any CPU
		{1367AE5B-4490-42AC-8ABC-804910AE43FC}.Release|Any CPU.Build.0 = Release|Any CPU
		{82EE0658-F41B-4E66-B3CE-B29686961A05}.Debug|Any CPU.ActiveCfg = Debug|Any CPU
		{82EE0658-F41B-4E66-B3CE-B29686961A05}.Debug|Any CPU.Build.0 = Debug|Any CPU
		{82EE0658-F41B-4E66-B3CE-B29686961A05}.Release|Any CPU.ActiveCfg = Release|Any CPU
		{82EE0658-F41B-4E66-B3CE-B29686961A05}.Release|Any CPU.Build.0 = Release|Any CPU
		{89423DE8-A369-4FD7-A7E4-ACDD795EC194}.Debug|Any CPU.ActiveCfg = Debug|Any CPU
		{89423DE8-A369-4FD7-A7E4-ACDD795EC194}.Debug|Any CPU.Build.0 = Debug|Any CPU
		{89423DE8-A369-4FD7-A7E4-ACDD795EC194}.Release|Any CPU.ActiveCfg = Release|Any CPU
		{89423DE8-A369-4FD7-A7E4-ACDD795EC194}.Release|Any CPU.Build.0 = Release|Any CPU
		{BD8132C1-A39E-48C5-8DDE-12E20D266574}.Debug|Any CPU.ActiveCfg = Debug|Any CPU
		{BD8132C1-A39E-48C5-8DDE-12E20D266574}.Debug|Any CPU.Build.0 = Debug|Any CPU
		{BD8132C1-A39E-48C5-8DDE-12E20D266574}.Release|Any CPU.ActiveCfg = Release|Any CPU
		{BD8132C1-A39E-48C5-8DDE-12E20D266574}.Release|Any CPU.Build.0 = Release|Any CPU
	EndGlobalSection
	GlobalSection(SolutionProperties) = preSolution
		HideSolutionNode = FALSE
	EndGlobalSection
EndGlobal
